
Microsoft Visual Studio Solution File, Format Version 12.00
# Visual Studio Version 17
VisualStudioVersion = 17.5.33424.131
MinimumVisualStudioVersion = 10.0.40219.1
Project("{9A19103F-16F7-4668-BE54-9A1E7A4F7556}") = "SimpleLibrary", "SimpleLibrary\SimpleLibrary.csproj", "{5919D06A-358F-4040-BA58-24A1B3E91085}"
EndProject
Project("{FAE04EC0-301F-11D3-BF4B-00C04F79EFBC}") = "SimpleLibrary.UnitTests", "SimpleLibrary.UnitTests\SimpleLibrary.UnitTests.csproj", "{9046A73B-23BA-43ED-8A6B-283A0C7797DE}"
EndProject
Global
	GlobalSection(SolutionConfigurationPlatforms) = preSolution
		Debug|Any CPU = Debug|Any CPU
		Release|Any CPU = Release|Any CPU
	EndGlobalSection
	GlobalSection(ProjectConfigurationPlatforms) = postSolution
		{5919D06A-358F-4040-BA58-24A1B3E91085}.Debug|Any CPU.ActiveCfg = Debug|Any CPU
		{5919D06A-358F-4040-BA58-24A1B3E91085}.Debug|Any CPU.Build.0 = Debug|Any CPU
		{5919D06A-358F-4040-BA58-24A1B3E91085}.Release|Any CPU.ActiveCfg = Release|Any CPU
		{5919D06A-358F-4040-BA58-24A1B3E91085}.Release|Any CPU.Build.0 = Release|Any CPU
		{9046A73B-23BA-43ED-8A6B-283A0C7797DE}.Debug|Any CPU.ActiveCfg = Debug|Any CPU
		{9046A73B-23BA-43ED-8A6B-283A0C7797DE}.Debug|Any CPU.Build.0 = Debug|Any CPU
		{9046A73B-23BA-43ED-8A6B-283A0C7797DE}.Release|Any CPU.ActiveCfg = Release|Any CPU
		{9046A73B-23BA-43ED-8A6B-283A0C7797DE}.Release|Any CPU.Build.0 = Release|Any CPU
	EndGlobalSection
	GlobalSection(SolutionProperties) = preSolution
		HideSolutionNode = FALSE
	EndGlobalSection
	GlobalSection(ExtensibilityGlobals) = postSolution
		SolutionGuid = {EE7E59B4-496E-4CB2-89FC-38BF61AD18D0}
	EndGlobalSection
EndGlobal
